
Microsoft Visual Studio Solution File, Format Version 12.00
# Visual Studio Version 17
VisualStudioVersion = 17.7.34221.43
MinimumVisualStudioVersion = 10.0.40219.1
Project("{FAE04EC0-301F-11D3-BF4B-00C04F79EFBC}") = "refveyaoutileadsoyaddöndürenmetot", "refveyaoutileadsoyaddöndürenmetot\refveyaoutileadsoyaddöndürenmetot.csproj", "{EFF12F5E-21B7-47A2-863D-7667B6E4A412}"
EndProject
Global
	GlobalSection(SolutionConfigurationPlatforms) = preSolution
		Debug|Any CPU = Debug|Any CPU
		Release|Any CPU = Release|Any CPU
	EndGlobalSection
	GlobalSection(ProjectConfigurationPlatforms) = postSolution
		{EFF12F5E-21B7-47A2-863D-7667B6E4A412}.Debug|Any CPU.ActiveCfg = Debug|Any CPU
		{EFF12F5E-21B7-47A2-863D-7667B6E4A412}.Debug|Any CPU.Build.0 = Debug|Any CPU
		{EFF12F5E-21B7-47A2-863D-7667B6E4A412}.Release|Any CPU.ActiveCfg = Release|Any CPU
		{EFF12F5E-21B7-47A2-863D-7667B6E4A412}.Release|Any CPU.Build.0 = Release|Any CPU
	EndGlobalSection
	GlobalSection(SolutionProperties) = preSolution
		HideSolutionNode = FALSE
	EndGlobalSection
	GlobalSection(ExtensibilityGlobals) = postSolution
		SolutionGuid = {20F3B991-B2AE-429C-BF85-58DC228E6E04}
	EndGlobalSection
EndGlobal
